PODS:
  - AFNetworking (2.5.3):
    - AFNetworking/NSURLConnection
    - AFNetworking/NSURLSession
    - AFNetworking/Reachability
    - AFNetworking/Security
    - AFNetworking/Serialization
    - AFNetworking/UIKit
  - AFNetworking/NSURLConnection (2.5.3):
    - AFNetworking/Reachability
    - AFNetworking/Security
    - AFNetworking/Serialization
  - AFNetworking/NSURLSession (2.5.3):
    - AFNetworking/Reachability
    - AFNetworking/Security
    - AFNetworking/Serialization
  - AFNetworking/Reachability (2.5.3)
  - AFNetworking/Security (2.5.3)
  - AFNetworking/Serialization (2.5.3)
  - AFNetworking/UIKit (2.5.3):
    - AFNetworking/NSURLConnection
    - AFNetworking/NSURLSession
  - Bolts (1.1.5):
    - Bolts/AppLinks
    - Bolts/Tasks
  - Bolts/AppLinks (1.1.5):
    - Bolts/Tasks
  - Bolts/Tasks (1.1.5)
  - Facebook-iOS-SDK (4.1.0):
    - Bolts (~> 1.1)
    - Facebook-iOS-SDK/CoreKit
    - Facebook-iOS-SDK/LoginKit
    - Facebook-iOS-SDK/ShareKit
  - Facebook-iOS-SDK/CoreKit (4.1.0):
    - Bolts (~> 1.1)
    - Facebook-iOS-SDK/CoreKit/no-arc
  - Facebook-iOS-SDK/CoreKit/no-arc (4.1.0):
    - Bolts (~> 1.1)
  - Facebook-iOS-SDK/LoginKit (4.1.0):
    - Bolts (~> 1.1)
    - Facebook-iOS-SDK/CoreKit
  - Facebook-iOS-SDK/ShareKit (4.1.0):
    - Bolts (~> 1.1)
    - Facebook-iOS-SDK/CoreKit
  - FBSnapshotTestCase (1.8.1)
  - JSONKit-NoWarning (1.2)
  - MBProgressHUD (0.9.1)
  - MD5Digest (0.1.0)
  - SDWebImage (3.7.2):
    - SDWebImage/Core
  - SDWebImage/Core (3.7.2)
  - XBAuthentication (0.3.0.1):
    - Facebook-iOS-SDK
    - JSONKit-NoWarning
    - MD5Digest
    - SDWebImage
    - XBCacheRequest
    - XBLanguage
  - XBCacheRequest (0.5.3):
    - AFNetworking
    - JSONKit-NoWarning
    - MBProgressHUD
  - XBLanguage (0.5.1.1):
    - JSONKit-NoWarning
    - XBCacheRequest

DEPENDENCIES:
  - FBSnapshotTestCase
  - XBAuthentication (from `../`)

EXTERNAL SOURCES:
  XBAuthentication:
    :path: ../

SPEC CHECKSUMS:
  AFNetworking: e1d86c2a96bb5d2e7408da36149806706ee122fe
  Bolts: aac24961496d504aa56fc267cde95162a71bac39
  Facebook-iOS-SDK: f42dfb27283bf5f05e3a9edc88459a75b9892d99
  FBSnapshotTestCase: 3dc3899168747a0319c5278f5b3445c13a6532dd
  JSONKit-NoWarning: 3d27e6f9e6846ecf741e8c64dcadd7d5aa7193cb
  MBProgressHUD: c47f2c166c126cf2ce36498d80f33e754d4e93ad
  MD5Digest: 99bcccfc389c5b7a0edaf66beb80fbc7596a3b65
  SDWebImage: 71b7cdc1d1721d6a82ed62889030225f2c249e29
  XBAuthentication: 78aecc57a43a0f3810a44cc8c103592e2c6005c1
  XBCacheRequest: 66a9da85583a4ce9cf3f5c44aab67685690364d3
  XBLanguage: c8e16472e267593e491ef656cd7931ea3a538d87

COCOAPODS: 0.34.4
